
Microsoft Visual Studio Solution File, Format Version 12.00
# Visual Studio Version 17
VisualStudioVersion = 17.10.35013.160
MinimumVisualStudioVersion = 10.0.40219.1
Project("{FAE04EC0-301F-11D3-BF4B-00C04F79EFBC}") = "Drinks", "Drinks\Drinks.csproj", "{A03C6C0A-9541-4197-B545-69F00266D882}"
EndProject
Global
	GlobalSection(SolutionConfigurationPlatforms) = preSolution
		Debug|Any CPU = Debug|Any CPU
		Release|Any CPU = Release|Any CPU
	EndGlobalSection
	GlobalSection(ProjectConfigurationPlatforms) = postSolution
		{A03C6C0A-9541-4197-B545-69F00266D882}.Debug|Any CPU.ActiveCfg = Debug|Any CPU
		{A03C6C0A-9541-4197-B545-69F00266D882}.Debug|Any CPU.Build.0 = Debug|Any CPU
		{A03C6C0A-9541-4197-B545-69F00266D882}.Release|Any CPU.ActiveCfg = Release|Any CPU
		{A03C6C0A-9541-4197-B545-69F00266D882}.Release|Any CPU.Build.0 = Release|Any CPU
	EndGlobalSection
	GlobalSection(SolutionProperties) = preSolution
		HideSolutionNode = FALSE
	EndGlobalSection
	GlobalSection(ExtensibilityGlobals) = postSolution
		SolutionGuid = {366349CE-9711-47BD-BB26-3870E3E5A800}
	EndGlobalSection
EndGlobal
